<?xml version="1.0" encoding="utf-8"?>
<Project ToolsVersion="4.0" xmlns="http://schemas.microsoft.com/developer/msbuild/2003">
  <ItemGroup>
    <Filter Include="Resource Files">
      <UniqueIdentifier>{67DA6AB6-F800-4c08-8B7A-83BB121AAD01}</UniqueIdentifier>
      <Extensions>rc;ico;cur;bmp;dlg;rc2;rct;bin;rgs;gif;jpg;jpeg;jpe;resx;tiff;tif;png;wav;mfcribbon-ms</Extensions>
    </Filter>
    <Filter Include="src">
      <UniqueIdentifier>{4FC737F1-C7A5-4376-A066-2A32D752A2FF}</UniqueIdentifier>
      <Extensions>cpp;c;cc;cxx;c++;cppm;ixx;def;odl;idl;hpj;bat;asm;asmx</Extensions>
    </Filter>
    <Filter Include="src\pch">
      <UniqueIdentifier>{f04f3f1d-2c37-4716-8df1-88e16135a541}</UniqueIdentifier>
    </Filter>
    <Filter Include="src\sdk">
      <UniqueIdentifier>{65670434-ea31-4473-808f-c6f75d285f31}</UniqueIdentifier>
    </Filter>
    <Filter Include="src\shaders">
      <UniqueIdentifier>{1b478cb0-e7ab-487b-85a5-87cee914982c}</UniqueIdentifier>
    </Filter>
  </ItemGroup>
  <ItemGroup>
    <ClCompile Include="utils\pch.cpp">
      <Filter>src\pch</Filter>
    </ClCompile>
    <ClCompile Include="sdk\Application.cpp">
      <Filter>src\sdk</Filter>
    </ClCompile>
    <ClCompile Include="sdk\vlk\GraphicsRenderer.cpp">
      <Filter>src\sdk</Filter>
    </ClCompile>
    <ClCompile Include="abacus.cpp">
      <Filter>src\sdk</Filter>
    </ClCompile>
    <ClCompile Include="utils\FileReader.cpp">
      <Filter>src</Filter>
    </ClCompile>
    <ClCompile Include="sdk\vlk\Buffer.cpp">
      <Filter>src</Filter>
    </ClCompile>
  </ItemGroup>
  <ItemGroup>
    <ClInclude Include="utils\pch.h">
      <Filter>src\pch</Filter>
    </ClInclude>
    <ClInclude Include="sdk\Application.h">
      <Filter>src\sdk</Filter>
    </ClInclude>
    <ClInclude Include="sdk\vlk\GraphicsRenderer.h">
      <Filter>src\sdk</Filter>
    </ClInclude>
    <ClInclude Include="utils\FileReader.h" />
    <ClInclude Include="sdk\vlk\Buffer.h" />
  </ItemGroup>
  <ItemGroup>
    <None Include="shaders\triangle.vert">
      <Filter>src\shaders</Filter>
    </None>
    <None Include="shaders\triangle.frag">
      <Filter>src\shaders</Filter>
    </None>
    <None Include="shaders\spirv.bat">
      <Filter>src\shaders</Filter>
    </None>
  </ItemGroup>
</Project>